
Microsoft Visual Studio Solution File, Format Version 12.00
# Visual Studio Version 17
VisualStudioVersion = 17.13.35913.81 d17.13
MinimumVisualStudioVersion = 10.0.40219.1
Project("{FAE04EC0-301F-11D3-BF4B-00C04F79EFBC}") = "YARP-change-dsetination-at-runtime", "YARP-change-dsetination-at-runtime\YARP-change-dsetination-at-runtime.csproj", "{0BC8C969-4228-465A-82DB-2676454FD969}"
EndProject
Global
	GlobalSection(SolutionConfigurationPlatforms) = preSolution
		Debug|Any CPU = Debug|Any CPU
		Release|Any CPU = Release|Any CPU
	EndGlobalSection
	GlobalSection(ProjectConfigurationPlatforms) = postSolution
		{0BC8C969-4228-465A-82DB-2676454FD969}.Debug|Any CPU.ActiveCfg = Debug|Any CPU
		{0BC8C969-4228-465A-82DB-2676454FD969}.Debug|Any CPU.Build.0 = Debug|Any CPU
		{0BC8C969-4228-465A-82DB-2676454FD969}.Release|Any CPU.ActiveCfg = Release|Any CPU
		{0BC8C969-4228-465A-82DB-2676454FD969}.Release|Any CPU.Build.0 = Release|Any CPU
	EndGlobalSection
	GlobalSection(SolutionProperties) = preSolution
		HideSolutionNode = FALSE
	EndGlobalSection
	GlobalSection(ExtensibilityGlobals) = postSolution
		SolutionGuid = {B14D0C6F-DED0-49F6-AC20-374B4A35F38F}
	EndGlobalSection
EndGlobal
